
Microsoft Visual Studio Solution File, Format Version 12.00
# Visual Studio Version 16
VisualStudioVersion = 16.0.30621.155
MinimumVisualStudioVersion = 10.0.40219.1
Project("{FAE04EC0-301F-11D3-BF4B-00C04F79EFBC}") = "3DCubeWinForm", "3DCubeWinForm\3DCubeWinForm.csproj", "{AD9998F3-0989-400F-A0BC-D393C03FBC24}"
EndProject
Global
	GlobalSection(SolutionConfigurationPlatforms) = preSolution
		Debug|Any CPU = Debug|Any CPU
		Release|Any CPU = Release|Any CPU
	EndGlobalSection
	GlobalSection(ProjectConfigurationPlatforms) = postSolution
		{AD9998F3-0989-400F-A0BC-D393C03FBC24}.Debug|Any CPU.ActiveCfg = Debug|Any CPU
		{AD9998F3-0989-400F-A0BC-D393C03FBC24}.Debug|Any CPU.Build.0 = Debug|Any CPU
		{AD9998F3-0989-400F-A0BC-D393C03FBC24}.Release|Any CPU.ActiveCfg = Release|Any CPU
		{AD9998F3-0989-400F-A0BC-D393C03FBC24}.Release|Any CPU.Build.0 = Release|Any CPU
	EndGlobalSection
	GlobalSection(SolutionProperties) = preSolution
		HideSolutionNode = FALSE
	EndGlobalSection
	GlobalSection(ExtensibilityGlobals) = postSolution
		SolutionGuid = {ECD21AD0-617B-470E-B733-E1439ECA6FD9}
	EndGlobalSection
EndGlobal
